// !$*UTF8*$!
{
	archiveVersion = 1;
	classes = {
	};
	objectVersion = 50;
	objects = {

/* Begin PBXBuildFile section */
		B30057912152CA9900F49BA3 /* main.cpp in Sources */ = {isa = PBXBuildFile; fileRef = B30057902152CA9900F49BA3 /* main.cpp */; };
		B32CAA4D215022D800803EA9 /* main.cpp in Sources */ = {isa = PBXBuildFile; fileRef = B32CAA4C215022D800803EA9 /* main.cpp */; };
		B32CAA5A21502CCF00803EA9 /* main.cpp in Sources */ = {isa = PBXBuildFile; fileRef = B32CAA5921502CCF00803EA9 /* main.cpp */; };
		B357D2192153C37500DB2EBB /* main.cpp in Sources */ = {isa = PBXBuildFile; fileRef = B357D2182153C37500DB2EBB /* main.cpp */; };
		B357D22521548BE400DB2EBB /* main.cpp in Sources */ = {isa = PBXBuildFile; fileRef = B357D22421548BE400DB2EBB /* main.cpp */; };
		B357D2302156AB4800DB2EBB /* main.cpp in Sources */ = {isa = PBXBuildFile; fileRef = B357D22F2156AB4800DB2EBB /* main.cpp */; };
		B357D23C21579A6900DB2EBB /* main.cpp in Sources */ = {isa = PBXBuildFile; fileRef = B357D23B21579A6900DB2EBB /* main.cpp */; };
		B357D2492157E34100DB2EBB /* main.cpp in Sources */ = {isa = PBXBuildFile; fileRef = B357D2482157E34100DB2EBB /* main.cpp */; };
		B3A20457216BB5AD00983064 /* main.cpp in Sources */ = {isa = PBXBuildFile; fileRef = B3A20456216BB5AD00983064 /* main.cpp */; };
		B3A20462216BB5C400983064 /* main.cpp in Sources */ = {isa = PBXBuildFile; fileRef = B3A20461216BB5C400983064 /* main.cpp */; };
		B3D2ADC1215AA175003898BE /* main.cpp in Sources */ = {isa = PBXBuildFile; fileRef = B3D2ADC0215AA175003898BE /* main.cpp */; };
/* End PBXBuildFile section */

/* Begin PBXCopyFilesBuildPhase section */
		B300578C2152CA9800F49BA3 /* CopyFiles */ = {
			isa = PBXCopyFilesBuildPhase;
			buildActionMask = 2147483647;
			dstPath = /usr/share/man/man1/;
			dstSubfolderSpec = 0;
			files = (
			);
			runOnlyForDeploymentPostprocessing = 1;
		};
		B32CAA47215022D800803EA9 /* CopyFiles */ = {
			isa = PBXCopyFilesBuildPhase;
			buildActionMask = 2147483647;
			dstPath = /usr/share/man/man1/;
			dstSubfolderSpec = 0;
			files = (
			);
			runOnlyForDeploymentPostprocessing = 1;
		};
		B32CAA5521502CCF00803EA9 /* CopyFiles */ = {
			isa = PBXCopyFilesBuildPhase;
			buildActionMask = 2147483647;
			dstPath = /usr/share/man/man1/;
			dstSubfolderSpec = 0;
			files = (
			);
			runOnlyForDeploymentPostprocessing = 1;
		};
		B357D2142153C37500DB2EBB /* CopyFiles */ = {
			isa = PBXCopyFilesBuildPhase;
			buildActionMask = 2147483647;
			dstPath = /usr/share/man/man1/;
			dstSubfolderSpec = 0;
			files = (
			);
			runOnlyForDeploymentPostprocessing = 1;
		};
		B357D22021548BE400DB2EBB /* CopyFiles */ = {
			isa = PBXCopyFilesBuildPhase;
			buildActionMask = 2147483647;
			dstPath = /usr/share/man/man1/;
			dstSubfolderSpec = 0;
			files = (
			);
			runOnlyForDeploymentPostprocessing = 1;
		};
		B357D22B2156AB4800DB2EBB /* CopyFiles */ = {
			isa = PBXCopyFilesBuildPhase;
			buildActionMask = 2147483647;
			dstPath = /usr/share/man/man1/;
			dstSubfolderSpec = 0;
			files = (
			);
			runOnlyForDeploymentPostprocessing = 1;
		};
		B357D23721579A6900DB2EBB /* CopyFiles */ = {
			isa = PBXCopyFilesBuildPhase;
			buildActionMask = 2147483647;
			dstPath = /usr/share/man/man1/;
			dstSubfolderSpec = 0;
			files = (
			);
			runOnlyForDeploymentPostprocessing = 1;
		};
		B357D2442157E34100DB2EBB /* CopyFiles */ = {
			isa = PBXCopyFilesBuildPhase;
			buildActionMask = 2147483647;
			dstPath = /usr/share/man/man1/;
			dstSubfolderSpec = 0;
			files = (
			);
			runOnlyForDeploymentPostprocessing = 1;
		};
		B3A20452216BB5AC00983064 /* CopyFiles */ = {
			isa = PBXCopyFilesBuildPhase;
			buildActionMask = 2147483647;
			dstPath = /usr/share/man/man1/;
			dstSubfolderSpec = 0;
			files = (
			);
			runOnlyForDeploymentPostprocessing = 1;
		};
		B3A2045D216BB5C400983064 /* CopyFiles */ = {
			isa = PBXCopyFilesBuildPhase;
			buildActionMask = 2147483647;
			dstPath = /usr/share/man/man1/;
			dstSubfolderSpec = 0;
			files = (
			);
			runOnlyForDeploymentPostprocessing = 1;
		};
		B3D2ADBC215AA175003898BE /* CopyFiles */ = {
			isa = PBXCopyFilesBuildPhase;
			buildActionMask = 2147483647;
			dstPath = /usr/share/man/man1/;
			dstSubfolderSpec = 0;
			files = (
			);
			runOnlyForDeploymentPostprocessing = 1;
		};
/* End PBXCopyFilesBuildPhase section */

/* Begin PBXFileReference section */
		B300578E2152CA9800F49BA3 /* Stack */ = {isa = PBXFileReference; explicitFileType = "compiled.mach-o.executable"; includeInIndex = 0; path = Stack; sourceTree = BUILT_PRODUCTS_DIR; };
		B30057902152CA9900F49BA3 /* main.cpp */ = {isa = PBXFileReference; lastKnownFileType = sourcecode.cpp.cpp; path = main.cpp; sourceTree = "<group>"; };
		B30057952152CBF100F49BA3 /* StackADT.h */ = {isa = PBXFileReference; lastKnownFileType = sourcecode.c.h; path = StackADT.h; sourceTree = "<group>"; };
		B30057962152CC6000F49BA3 /* ArrStack.h */ = {isa = PBXFileReference; lastKnownFileType = sourcecode.c.h; path = ArrStack.h; sourceTree = "<group>"; };
		B32CAA49215022D800803EA9 /* C_Data_structure */ = {isa = PBXFileReference; explicitFileType = "compiled.mach-o.executable"; includeInIndex = 0; path = C_Data_structure; sourceTree = BUILT_PRODUCTS_DIR; };
		B32CAA4C215022D800803EA9 /* main.cpp */ = {isa = PBXFileReference; lastKnownFileType = sourcecode.cpp.cpp; path = main.cpp; sourceTree = "<group>"; };
		B32CAA5721502CCF00803EA9 /* List */ = {isa = PBXFileReference; explicitFileType = "compiled.mach-o.executable"; includeInIndex = 0; path = List; sourceTree = BUILT_PRODUCTS_DIR; };
		B32CAA5921502CCF00803EA9 /* main.cpp */ = {isa = PBXFileReference; lastKnownFileType = sourcecode.cpp.cpp; path = main.cpp; sourceTree = "<group>"; };
		B32CAA5E21502CF500803EA9 /* ListADT.h */ = {isa = PBXFileReference; lastKnownFileType = sourcecode.c.h; path = ListADT.h; sourceTree = "<group>"; };
		B32CAA5F21502E6500803EA9 /* LinkList.h */ = {isa = PBXFileReference; lastKnownFileType = sourcecode.c.h; path = LinkList.h; sourceTree = "<group>"; };
		B357D2162153C37500DB2EBB /* RPNCalculator */ = {isa = PBXFileReference; explicitFileType = "compiled.mach-o.executable"; includeInIndex = 0; path = RPNCalculator; sourceTree = BUILT_PRODUCTS_DIR; };
		B357D2182153C37500DB2EBB /* main.cpp */ = {isa = PBXFileReference; lastKnownFileType = sourcecode.cpp.cpp; path = main.cpp; sourceTree = "<group>"; };
		B357D21D2153C49A00DB2EBB /* Calculator.h */ = {isa = PBXFileReference; lastKnownFileType = sourcecode.c.h; path = Calculator.h; sourceTree = "<group>"; };
		B357D22221548BE400DB2EBB /* KMP */ = {isa = PBXFileReference; explicitFileType = "compiled.mach-o.executable"; includeInIndex = 0; path = KMP; sourceTree = BUILT_PRODUCTS_DIR; };
		B357D22421548BE400DB2EBB /* main.cpp */ = {isa = PBXFileReference; lastKnownFileType = sourcecode.cpp.cpp; path = main.cpp; sourceTree = "<group>"; };
		B357D22D2156AB4800DB2EBB /* MyString */ = {isa = PBXFileReference; explicitFileType = "compiled.mach-o.executable"; includeInIndex = 0; path = MyString; sourceTree = BUILT_PRODUCTS_DIR; };
		B357D22F2156AB4800DB2EBB /* main.cpp */ = {isa = PBXFileReference; lastKnownFileType = sourcecode.cpp.cpp; path = main.cpp; sourceTree = "<group>"; };
		B357D2342156AB6F00DB2EBB /* MyString.h */ = {isa = PBXFileReference; lastKnownFileType = sourcecode.c.h; path = MyString.h; sourceTree = "<group>"; };
		B357D23921579A6900DB2EBB /* BinaryTree */ = {isa = PBXFileReference; explicitFileType = "compiled.mach-o.executable"; includeInIndex = 0; path = BinaryTree; sourceTree = BUILT_PRODUCTS_DIR; };
		B357D23B21579A6900DB2EBB /* main.cpp */ = {isa = PBXFileReference; lastKnownFileType = sourcecode.cpp.cpp; path = main.cpp; sourceTree = "<group>"; };
		B357D24021579AB700DB2EBB /* BinaryTreeNode.h */ = {isa = PBXFileReference; lastKnownFileType = sourcecode.c.h; path = BinaryTreeNode.h; sourceTree = "<group>"; };
		B357D24121579AC300DB2EBB /* BinaryTree.h */ = {isa = PBXFileReference; lastKnownFileType = sourcecode.c.h; path = BinaryTree.h; sourceTree = "<group>"; };
		B357D2462157E34100DB2EBB /* BinaryTreePratice */ = {isa = PBXFileReference; explicitFileType = "compiled.mach-o.executable"; includeInIndex = 0; path = BinaryTreePratice; sourceTree = BUILT_PRODUCTS_DIR; };
		B357D2482157E34100DB2EBB /* main.cpp */ = {isa = PBXFileReference; lastKnownFileType = sourcecode.cpp.cpp; path = main.cpp; sourceTree = "<group>"; };
		B39E7EA721535C58002A3AC5 /* LinkStack.h */ = {isa = PBXFileReference; lastKnownFileType = sourcecode.c.h; path = LinkStack.h; sourceTree = "<group>"; };
		B3A20454216BB5AC00983064 /* MinHeap */ = {isa = PBXFileReference; explicitFileType = "compiled.mach-o.executable"; includeInIndex = 0; path = MinHeap; sourceTree = BUILT_PRODUCTS_DIR; };
		B3A20456216BB5AD00983064 /* main.cpp */ = {isa = PBXFileReference; lastKnownFileType = sourcecode.cpp.cpp; path = main.cpp; sourceTree = "<group>"; };
		B3A2045F216BB5C400983064 /* MaxHeap */ = {isa = PBXFileReference; explicitFileType = "compiled.mach-o.executable"; includeInIndex = 0; path = MaxHeap; sourceTree = BUILT_PRODUCTS_DIR; };
		B3A20461216BB5C400983064 /* main.cpp */ = {isa = PBXFileReference; lastKnownFileType = sourcecode.cpp.cpp; path = main.cpp; sourceTree = "<group>"; };
		B3A20466216BBD3600983064 /* MinHeap.h */ = {isa = PBXFileReference; lastKnownFileType = sourcecode.c.h; path = MinHeap.h; sourceTree = "<group>"; };
		B3D2ADBE215AA175003898BE /* BST */ = {isa = PBXFileReference; explicitFileType = "compiled.mach-o.executable"; includeInIndex = 0; path = BST; sourceTree = BUILT_PRODUCTS_DIR; };
		B3D2ADC0215AA175003898BE /* main.cpp */ = {isa = PBXFileReference; lastKnownFileType = sourcecode.cpp.cpp; path = main.cpp; sourceTree = "<group>"; };
		B3D2ADC5215AA184003898BE /* bst.h */ = {isa = PBXFileReference; lastKnownFileType = sourcecode.c.h; path = bst.h; sourceTree = "<group>"; };
		B3D2ADC6215AA32D003898BE /* bstNode.h */ = {isa = PBXFileReference; lastKnownFileType = sourcecode.c.h; path = bstNode.h; sourceTree = "<group>"; };
/* End PBXFileReference section */

/* Begin PBXFrameworksBuildPhase section */
		B300578B2152CA9800F49BA3 /* Frameworks */ = {
			isa = PBXFrameworksBuildPhase;
			buildActionMask = 2147483647;
			files = (
			);
			runOnlyForDeploymentPostprocessing = 0;
		};
		B32CAA46215022D800803EA9 /* Frameworks */ = {
			isa = PBXFrameworksBuildPhase;
			buildActionMask = 2147483647;
			files = (
			);
			runOnlyForDeploymentPostprocessing = 0;
		};
		B32CAA5421502CCF00803EA9 /* Frameworks */ = {
			isa = PBXFrameworksBuildPhase;
			buildActionMask = 2147483647;
			files = (
			);
			runOnlyForDeploymentPostprocessing = 0;
		};
		B357D2132153C37500DB2EBB /* Frameworks */ = {
			isa = PBXFrameworksBuildPhase;
			buildActionMask = 2147483647;
			files = (
			);
			runOnlyForDeploymentPostprocessing = 0;
		};
		B357D21F21548BE400DB2EBB /* Frameworks */ = {
			isa = PBXFrameworksBuildPhase;
			buildActionMask = 2147483647;
			files = (
			);
			runOnlyForDeploymentPostprocessing = 0;
		};
		B357D22A2156AB4800DB2EBB /* Frameworks */ = {
			isa = PBXFrameworksBuildPhase;
			buildActionMask = 2147483647;
			files = (
			);
			runOnlyForDeploymentPostprocessing = 0;
		};
		B357D23621579A6900DB2EBB /* Frameworks */ = {
			isa = PBXFrameworksBuildPhase;
			buildActionMask = 2147483647;
			files = (
			);
			runOnlyForDeploymentPostprocessing = 0;
		};
		B357D2432157E34100DB2EBB /* Frameworks */ = {
			isa = PBXFrameworksBuildPhase;
			buildActionMask = 2147483647;
			files = (
			);
			runOnlyForDeploymentPostprocessing = 0;
		};
		B3A20451216BB5AC00983064 /* Frameworks */ = {
			isa = PBXFrameworksBuildPhase;
			buildActionMask = 2147483647;
			files = (
			);
			runOnlyForDeploymentPostprocessing = 0;
		};
		B3A2045C216BB5C400983064 /* Frameworks */ = {
			isa = PBXFrameworksBuildPhase;
			buildActionMask = 2147483647;
			files = (
			);
			runOnlyForDeploymentPostprocessing = 0;
		};
		B3D2ADBB215AA175003898BE /* Frameworks */ = {
			isa = PBXFrameworksBuildPhase;
			buildActionMask = 2147483647;
			files = (
			);
			runOnlyForDeploymentPostprocessing = 0;
		};
/* End PBXFrameworksBuildPhase section */

/* Begin PBXGroup section */
		B300578F2152CA9900F49BA3 /* Stack */ = {
			isa = PBXGroup;
			children = (
				B30057902152CA9900F49BA3 /* main.cpp */,
				B30057952152CBF100F49BA3 /* StackADT.h */,
				B30057962152CC6000F49BA3 /* ArrStack.h */,
				B39E7EA721535C58002A3AC5 /* LinkStack.h */,
			);
			path = Stack;
			sourceTree = "<group>";
		};
		B32CAA40215022D800803EA9 = {
			isa = PBXGroup;
			children = (
				B32CAA4B215022D800803EA9 /* C_Data_structure */,
				B32CAA5821502CCF00803EA9 /* List */,
				B300578F2152CA9900F49BA3 /* Stack */,
				B357D2172153C37500DB2EBB /* RPNCalculator */,
				B357D22321548BE400DB2EBB /* KMP */,
				B357D22E2156AB4800DB2EBB /* MyString */,
				B357D23A21579A6900DB2EBB /* BinaryTree */,
				B357D2472157E34100DB2EBB /* BinaryTreePratice */,
				B3D2ADBF215AA175003898BE /* BST */,
				B3A20455216BB5AC00983064 /* MinHeap */,
				B3A20460216BB5C400983064 /* MaxHeap */,
				B32CAA4A215022D800803EA9 /* Products */,
			);
			sourceTree = "<group>";
		};
		B32CAA4A215022D800803EA9 /* Products */ = {
			isa = PBXGroup;
			children = (
				B32CAA49215022D800803EA9 /* C_Data_structure */,
				B32CAA5721502CCF00803EA9 /* List */,
				B300578E2152CA9800F49BA3 /* Stack */,
				B357D2162153C37500DB2EBB /* RPNCalculator */,
				B357D22221548BE400DB2EBB /* KMP */,
				B357D22D2156AB4800DB2EBB /* MyString */,
				B357D23921579A6900DB2EBB /* BinaryTree */,
				B357D2462157E34100DB2EBB /* BinaryTreePratice */,
				B3D2ADBE215AA175003898BE /* BST */,
				B3A20454216BB5AC00983064 /* MinHeap */,
				B3A2045F216BB5C400983064 /* MaxHeap */,
			);
			name = Products;
			sourceTree = "<group>";
		};
		B32CAA4B215022D800803EA9 /* C_Data_structure */ = {
			isa = PBXGroup;
			children = (
				B32CAA4C215022D800803EA9 /* main.cpp */,
			);
			path = C_Data_structure;
			sourceTree = "<group>";
		};
		B32CAA5821502CCF00803EA9 /* List */ = {
			isa = PBXGroup;
			children = (
				B32CAA5921502CCF00803EA9 /* main.cpp */,
				B32CAA5E21502CF500803EA9 /* ListADT.h */,
				B32CAA5F21502E6500803EA9 /* LinkList.h */,
			);
			path = List;
			sourceTree = "<group>";
		};
		B357D2172153C37500DB2EBB /* RPNCalculator */ = {
			isa = PBXGroup;
			children = (
				B357D2182153C37500DB2EBB /* main.cpp */,
				B357D21D2153C49A00DB2EBB /* Calculator.h */,
			);
			path = RPNCalculator;
			sourceTree = "<group>";
		};
		B357D22321548BE400DB2EBB /* KMP */ = {
			isa = PBXGroup;
			children = (
				B357D22421548BE400DB2EBB /* main.cpp */,
			);
			path = KMP;
			sourceTree = "<group>";
		};
		B357D22E2156AB4800DB2EBB /* MyString */ = {
			isa = PBXGroup;
			children = (
				B357D22F2156AB4800DB2EBB /* main.cpp */,
				B357D2342156AB6F00DB2EBB /* MyString.h */,
			);
			path = MyString;
			sourceTree = "<group>";
		};
		B357D23A21579A6900DB2EBB /* BinaryTree */ = {
			isa = PBXGroup;
			children = (
				B357D23B21579A6900DB2EBB /* main.cpp */,
				B357D24021579AB700DB2EBB /* BinaryTreeNode.h */,
				B357D24121579AC300DB2EBB /* BinaryTree.h */,
			);
			path = BinaryTree;
			sourceTree = "<group>";
		};
		B357D2472157E34100DB2EBB /* BinaryTreePratice */ = {
			isa = PBXGroup;
			children = (
				B357D2482157E34100DB2EBB /* main.cpp */,
			);
			path = BinaryTreePratice;
			sourceTree = "<group>";
		};
		B3A20455216BB5AC00983064 /* MinHeap */ = {
			isa = PBXGroup;
			children = (
				B3A20456216BB5AD00983064 /* main.cpp */,
				B3A20466216BBD3600983064 /* MinHeap.h */,
			);
			path = MinHeap;
			sourceTree = "<group>";
		};
		B3A20460216BB5C400983064 /* MaxHeap */ = {
			isa = PBXGroup;
			children = (
				B3A20461216BB5C400983064 /* main.cpp */,
			);
			path = MaxHeap;
			sourceTree = "<group>";
		};
		B3D2ADBF215AA175003898BE /* BST */ = {
			isa = PBXGroup;
			children = (
				B3D2ADC0215AA175003898BE /* main.cpp */,
				B3D2ADC5215AA184003898BE /* bst.h */,
				B3D2ADC6215AA32D003898BE /* bstNode.h */,
			);
			path = BST;
			sourceTree = "<group>";
		};
/* End PBXGroup section */

/* Begin PBXNativeTarget section */
		B300578D2152CA9800F49BA3 /* Stack */ = {
			isa = PBXNativeTarget;
			buildConfigurationList = B30057942152CA9900F49BA3 /* Build configuration list for PBXNativeTarget "Stack" */;
			buildPhases = (
				B300578A2152CA9800F49BA3 /* Sources */,
				B300578B2152CA9800F49BA3 /* Frameworks */,
				B300578C2152CA9800F49BA3 /* CopyFiles */,
			);
			buildRules = (
			);
			dependencies = (
			);
			name = Stack;
			productName = Stack;
			productReference = B300578E2152CA9800F49BA3 /* Stack */;
			productType = "com.apple.product-type.tool";
		};
		B32CAA48215022D800803EA9 /* C_Data_structure */ = {
			isa = PBXNativeTarget;
			buildConfigurationList = B32CAA50215022D800803EA9 /* Build configuration list for PBXNativeTarget "C_Data_structure" */;
			buildPhases = (
				B32CAA45215022D800803EA9 /* Sources */,
				B32CAA46215022D800803EA9 /* Frameworks */,
				B32CAA47215022D800803EA9 /* CopyFiles */,
			);
			buildRules = (
			);
			dependencies = (
			);
			name = C_Data_structure;
			productName = C_Data_structure;
			productReference = B32CAA49215022D800803EA9 /* C_Data_structure */;
			productType = "com.apple.product-type.tool";
		};
		B32CAA5621502CCF00803EA9 /* List */ = {
			isa = PBXNativeTarget;
			buildConfigurationList = B32CAA5B21502CCF00803EA9 /* Build configuration list for PBXNativeTarget "List" */;
			buildPhases = (
				B32CAA5321502CCF00803EA9 /* Sources */,
				B32CAA5421502CCF00803EA9 /* Frameworks */,
				B32CAA5521502CCF00803EA9 /* CopyFiles */,
			);
			buildRules = (
			);
			dependencies = (
			);
			name = List;
			productName = List;
			productReference = B32CAA5721502CCF00803EA9 /* List */;
			productType = "com.apple.product-type.tool";
		};
		B357D2152153C37500DB2EBB /* RPNCalculator */ = {
			isa = PBXNativeTarget;
			buildConfigurationList = B357D21C2153C37500DB2EBB /* Build configuration list for PBXNativeTarget "RPNCalculator" */;
			buildPhases = (
				B357D2122153C37500DB2EBB /* Sources */,
				B357D2132153C37500DB2EBB /* Frameworks */,
				B357D2142153C37500DB2EBB /* CopyFiles */,
			);
			buildRules = (
			);
			dependencies = (
			);
			name = RPNCalculator;
			productName = RPNCalculator;
			productReference = B357D2162153C37500DB2EBB /* RPNCalculator */;
			productType = "com.apple.product-type.tool";
		};
		B357D22121548BE400DB2EBB /* KMP */ = {
			isa = PBXNativeTarget;
			buildConfigurationList = B357D22621548BE400DB2EBB /* Build configuration list for PBXNativeTarget "KMP" */;
			buildPhases = (
				B357D21E21548BE400DB2EBB /* Sources */,
				B357D21F21548BE400DB2EBB /* Frameworks */,
				B357D22021548BE400DB2EBB /* CopyFiles */,
			);
			buildRules = (
			);
			dependencies = (
			);
			name = KMP;
			productName = KMP;
			productReference = B357D22221548BE400DB2EBB /* KMP */;
			productType = "com.apple.product-type.tool";
		};
		B357D22C2156AB4800DB2EBB /* MyString */ = {
			isa = PBXNativeTarget;
			buildConfigurationList = B357D2332156AB4800DB2EBB /* Build configuration list for PBXNativeTarget "MyString" */;
			buildPhases = (
				B357D2292156AB4800DB2EBB /* Sources */,
				B357D22A2156AB4800DB2EBB /* Frameworks */,
				B357D22B2156AB4800DB2EBB /* CopyFiles */,
			);
			buildRules = (
			);
			dependencies = (
			);
			name = MyString;
			productName = MyString;
			productReference = B357D22D2156AB4800DB2EBB /* MyString */;
			productType = "com.apple.product-type.tool";
		};
		B357D23821579A6900DB2EBB /* BinaryTree */ = {
			isa = PBXNativeTarget;
			buildConfigurationList = B357D23D21579A6900DB2EBB /* Build configuration list for PBXNativeTarget "BinaryTree" */;
			buildPhases = (
				B357D23521579A6900DB2EBB /* Sources */,
				B357D23621579A6900DB2EBB /* Frameworks */,
				B357D23721579A6900DB2EBB /* CopyFiles */,
			);
			buildRules = (
			);
			dependencies = (
			);
			name = BinaryTree;
			productName = BinaryTree;
			productReference = B357D23921579A6900DB2EBB /* BinaryTree */;
			productType = "com.apple.product-type.tool";
		};
		B357D2452157E34100DB2EBB /* BinaryTreePratice */ = {
			isa = PBXNativeTarget;
			buildConfigurationList = B357D24A2157E34100DB2EBB /* Build configuration list for PBXNativeTarget "BinaryTreePratice" */;
			buildPhases = (
				B357D2422157E34100DB2EBB /* Sources */,
				B357D2432157E34100DB2EBB /* Frameworks */,
				B357D2442157E34100DB2EBB /* CopyFiles */,
			);
			buildRules = (
			);
			dependencies = (
			);
			name = BinaryTreePratice;
			productName = BinaryTreePratice;
			productReference = B357D2462157E34100DB2EBB /* BinaryTreePratice */;
			productType = "com.apple.product-type.tool";
		};
		B3A20453216BB5AC00983064 /* MinHeap */ = {
			isa = PBXNativeTarget;
			buildConfigurationList = B3A2045A216BB5AD00983064 /* Build configuration list for PBXNativeTarget "MinHeap" */;
			buildPhases = (
				B3A20450216BB5AC00983064 /* Sources */,
				B3A20451216BB5AC00983064 /* Frameworks */,
				B3A20452216BB5AC00983064 /* CopyFiles */,
			);
			buildRules = (
			);
			dependencies = (
			);
			name = MinHeap;
			productName = MinHeap;
			productReference = B3A20454216BB5AC00983064 /* MinHeap */;
			productType = "com.apple.product-type.tool";
		};
		B3A2045E216BB5C400983064 /* MaxHeap */ = {
			isa = PBXNativeTarget;
			buildConfigurationList = B3A20463216BB5C400983064 /* Build configuration list for PBXNativeTarget "MaxHeap" */;
			buildPhases = (
				B3A2045B216BB5C400983064 /* Sources */,
				B3A2045C216BB5C400983064 /* Frameworks */,
				B3A2045D216BB5C400983064 /* CopyFiles */,
			);
			buildRules = (
			);
			dependencies = (
			);
			name = MaxHeap;
			productName = MaxHeap;
			productReference = B3A2045F216BB5C400983064 /* MaxHeap */;
			productType = "com.apple.product-type.tool";
		};
		B3D2ADBD215AA175003898BE /* BST */ = {
			isa = PBXNativeTarget;
			buildConfigurationList = B3D2ADC4215AA175003898BE /* Build configuration list for PBXNativeTarget "BST" */;
			buildPhases = (
				B3D2ADBA215AA175003898BE /* Sources */,
				B3D2ADBB215AA175003898BE /* Frameworks */,
				B3D2ADBC215AA175003898BE /* CopyFiles */,
			);
			buildRules = (
			);
			dependencies = (
			);
			name = BST;
			productName = BST;
			productReference = B3D2ADBE215AA175003898BE /* BST */;
			productType = "com.apple.product-type.tool";
		};
/* End PBXNativeTarget section */

/* Begin PBXProject section */
		B32CAA41215022D800803EA9 /* Project object */ = {
			isa = PBXProject;
			attributes = {
				LastUpgradeCheck = 0940;
				ORGANIZATIONNAME = bingyan;
				TargetAttributes = {
					B300578D2152CA9800F49BA3 = {
						CreatedOnToolsVersion = 10.0;
					};
					B32CAA48215022D800803EA9 = {
						CreatedOnToolsVersion = 9.4.1;
					};
					B32CAA5621502CCF00803EA9 = {
						CreatedOnToolsVersion = 9.4.1;
					};
					B357D2152153C37500DB2EBB = {
						CreatedOnToolsVersion = 10.0;
					};
					B357D22121548BE400DB2EBB = {
						CreatedOnToolsVersion = 10.0;
					};
					B357D22C2156AB4800DB2EBB = {
						CreatedOnToolsVersion = 10.0;
					};
					B357D23821579A6900DB2EBB = {
						CreatedOnToolsVersion = 10.0;
					};
					B357D2452157E34100DB2EBB = {
						CreatedOnToolsVersion = 10.0;
					};
					B3A20453216BB5AC00983064 = {
						CreatedOnToolsVersion = 10.0;
					};
					B3A2045E216BB5C400983064 = {
						CreatedOnToolsVersion = 10.0;
					};
					B3D2ADBD215AA175003898BE = {
						CreatedOnToolsVersion = 10.0;
					};
				};
			};
			buildConfigurationList = B32CAA44215022D800803EA9 /* Build configuration list for PBXProject "C_Data_structure" */;
			compatibilityVersion = "Xcode 9.3";
			developmentRegion = en;
			hasScannedForEncodings = 0;
			knownRegions = (
				en,
			);
			mainGroup = B32CAA40215022D800803EA9;
			productRefGroup = B32CAA4A215022D800803EA9 /* Products */;
			projectDirPath = "";
			projectRoot = "";
			targets = (
				B32CAA48215022D800803EA9 /* C_Data_structure */,
				B32CAA5621502CCF00803EA9 /* List */,
				B300578D2152CA9800F49BA3 /* Stack */,
				B357D2152153C37500DB2EBB /* RPNCalculator */,
				B357D22121548BE400DB2EBB /* KMP */,
				B357D22C2156AB4800DB2EBB /* MyString */,
				B357D23821579A6900DB2EBB /* BinaryTree */,
				B357D2452157E34100DB2EBB /* BinaryTreePratice */,
				B3D2ADBD215AA175003898BE /* BST */,
				B3A20453216BB5AC00983064 /* MinHeap */,
				B3A2045E216BB5C400983064 /* MaxHeap */,
			);
		};
/* End PBXProject section */

/* Begin PBXSourcesBuildPhase section */
		B300578A2152CA9800F49BA3 /* Sources */ = {
			isa = PBXSourcesBuildPhase;
			buildActionMask = 2147483647;
			files = (
				B30057912152CA9900F49BA3 /* main.cpp in Sources */,
			);
			runOnlyForDeploymentPostprocessing = 0;
		};
		B32CAA45215022D800803EA9 /* Sources */ = {
			isa = PBXSourcesBuildPhase;
			buildActionMask = 2147483647;
			files = (
				B32CAA4D215022D800803EA9 /* main.cpp in Sources */,
			);
			runOnlyForDeploymentPostprocessing = 0;
		};
		B32CAA5321502CCF00803EA9 /* Sources */ = {
			isa = PBXSourcesBuildPhase;
			buildActionMask = 2147483647;
			files = (
				B32CAA5A21502CCF00803EA9 /* main.cpp in Sources */,
			);
			runOnlyForDeploymentPostprocessing = 0;
		};
		B357D2122153C37500DB2EBB /* Sources */ = {
			isa = PBXSourcesBuildPhase;
			buildActionMask = 2147483647;
			files = (
				B357D2192153C37500DB2EBB /* main.cpp in Sources */,
			);
			runOnlyForDeploymentPostprocessing = 0;
		};
		B357D21E21548BE400DB2EBB /* Sources */ = {
			isa = PBXSourcesBuildPhase;
			buildActionMask = 2147483647;
			files = (
				B357D22521548BE400DB2EBB /* main.cpp in Sources */,
			);
			runOnlyForDeploymentPostprocessing = 0;
		};
		B357D2292156AB4800DB2EBB /* Sources */ = {
			isa = PBXSourcesBuildPhase;
			buildActionMask = 2147483647;
			files = (
				B357D2302156AB4800DB2EBB /* main.cpp in Sources */,
			);
			runOnlyForDeploymentPostprocessing = 0;
		};
		B357D23521579A6900DB2EBB /* Sources */ = {
			isa = PBXSourcesBuildPhase;
			buildActionMask = 2147483647;
			files = (
				B357D23C21579A6900DB2EBB /* main.cpp in Sources */,
			);
			runOnlyForDeploymentPostprocessing = 0;
		};
		B357D2422157E34100DB2EBB /* Sources */ = {
			isa = PBXSourcesBuildPhase;
			buildActionMask = 2147483647;
			files = (
				B357D2492157E34100DB2EBB /* main.cpp in Sources */,
			);
			runOnlyForDeploymentPostprocessing = 0;
		};
		B3A20450216BB5AC00983064 /* Sources */ = {
			isa = PBXSourcesBuildPhase;
			buildActionMask = 2147483647;
			files = (
				B3A20457216BB5AD00983064 /* main.cpp in Sources */,
			);
			runOnlyForDeploymentPostprocessing = 0;
		};
		B3A2045B216BB5C400983064 /* Sources */ = {
			isa = PBXSourcesBuildPhase;
			buildActionMask = 2147483647;
			files = (
				B3A20462216BB5C400983064 /* main.cpp in Sources */,
			);
			runOnlyForDeploymentPostprocessing = 0;
		};
		B3D2ADBA215AA175003898BE /* Sources */ = {
			isa = PBXSourcesBuildPhase;
			buildActionMask = 2147483647;
			files = (
				B3D2ADC1215AA175003898BE /* main.cpp in Sources */,
			);
			runOnlyForDeploymentPostprocessing = 0;
		};
/* End PBXSourcesBuildPhase section */

/* Begin XCBuildConfiguration section */
		B30057922152CA9900F49BA3 /* Debug */ = {
			isa = XCBuildConfiguration;
			buildSettings = {
				CODE_SIGN_STYLE = Automatic;
				DEVELOPMENT_TEAM = 94ZP37H472;
				MTL_ENABLE_DEBUG_INFO = INCLUDE_SOURCE;
				MTL_FAST_MATH = YES;
				PRODUCT_NAME = "$(TARGET_NAME)";
			};
			name = Debug;
		};
		B30057932152CA9900F49BA3 /* Release */ = {
			isa = XCBuildConfiguration;
			buildSettings = {
				CODE_SIGN_STYLE = Automatic;
				DEVELOPMENT_TEAM = 94ZP37H472;
				MTL_FAST_MATH = YES;
				PRODUCT_NAME = "$(TARGET_NAME)";
			};
			name = Release;
		};
		B32CAA4E215022D800803EA9 /* Debug */ = {
			isa = XCBuildConfiguration;
			buildSettings = {
				ALWAYS_SEARCH_USER_PATHS = NO;
				CLANG_ANALYZER_NONNULL = YES;
				CLANG_ANALYZER_NUMBER_OBJECT_CONVERSION = YES_AGGRESSIVE;
				CLANG_CXX_LANGUAGE_STANDARD = "gnu++14";
				CLANG_CXX_LIBRARY = "libc++";
				CLANG_ENABLE_MODULES = YES;
				CLANG_ENABLE_OBJC_ARC = YES;
				CLANG_ENABLE_OBJC_WEAK = YES;
				CLANG_WARN_BLOCK_CAPTURE_AUTORELEASING = YES;
				CLANG_WARN_BOOL_CONVERSION = YES;
				CLANG_WARN_COMMA = YES;
				CLANG_WARN_CONSTANT_CONVERSION = YES;
				CLANG_WARN_DEPRECATED_OBJC_IMPLEMENTATIONS = YES;
				CLANG_WARN_DIRECT_OBJC_ISA_USAGE = YES_ERROR;
				CLANG_WARN_DOCUMENTATION_COMMENTS = YES;
				CLANG_WARN_EMPTY_BODY = YES;
				CLANG_WARN_ENUM_CONVERSION = YES;
				CLANG_WARN_INFINITE_RECURSION = YES;
				CLANG_WARN_INT_CONVERSION = YES;
				CLANG_WARN_NON_LITERAL_NULL_CONVERSION = YES;
				CLANG_WARN_OBJC_IMPLICIT_RETAIN_SELF = YES;
				CLANG_WARN_OBJC_LITERAL_CONVERSION = YES;
				CLANG_WARN_OBJC_ROOT_CLASS = YES_ERROR;
				CLANG_WARN_RANGE_LOOP_ANALYSIS = YES;
				CLANG_WARN_STRICT_PROTOTYPES = YES;
				CLANG_WARN_SUSPICIOUS_MOVE = YES;
				CLANG_WARN_UNGUARDED_AVAILABILITY = YES_AGGRESSIVE;
				CLANG_WARN_UNREACHABLE_CODE = YES;
				CLANG_WARN__DUPLICATE_METHOD_MATCH = YES;
				CODE_SIGN_IDENTITY = "Mac Developer";
				COPY_PHASE_STRIP = NO;
				DEBUG_INFORMATION_FORMAT = dwarf;
				ENABLE_STRICT_OBJC_MSGSEND = YES;
				ENABLE_TESTABILITY = YES;
				GCC_C_LANGUAGE_STANDARD = gnu11;
				GCC_DYNAMIC_NO_PIC = NO;
				GCC_NO_COMMON_BLOCKS = YES;
				GCC_OPTIMIZATION_LEVEL = 0;
				GCC_PREPROCESSOR_DEFINITIONS = (
					"DEBUG=1",
					"$(inherited)",
				);
				GCC_WARN_64_TO_32_BIT_CONVERSION = YES;
				GCC_WARN_ABOUT_RETURN_TYPE = YES_ERROR;
				GCC_WARN_UNDECLARED_SELECTOR = YES;
				GCC_WARN_UNINITIALIZED_AUTOS = YES_AGGRESSIVE;
				GCC_WARN_UNUSED_FUNCTION = YES;
				GCC_WARN_UNUSED_VARIABLE = YES;
				MACOSX_DEPLOYMENT_TARGET = 10.13;
				MTL_ENABLE_DEBUG_INFO = YES;
				ONLY_ACTIVE_ARCH = YES;
				SDKROOT = macosx;
			};
			name = Debug;
		};
		B32CAA4F215022D800803EA9 /* Release */ = {
			isa = XCBuildConfiguration;
			buildSettings = {
				ALWAYS_SEARCH_USER_PATHS = NO;
				CLANG_ANALYZER_NONNULL = YES;
				CLANG_ANALYZER_NUMBER_OBJECT_CONVERSION = YES_AGGRESSIVE;
				CLANG_CXX_LANGUAGE_STANDARD = "gnu++14";
				CLANG_CXX_LIBRARY = "libc++";
				CLANG_ENABLE_MODULES = YES;
				CLANG_ENABLE_OBJC_ARC = YES;
				CLANG_ENABLE_OBJC_WEAK = YES;
				CLANG_WARN_BLOCK_CAPTURE_AUTORELEASING = YES;
				CLANG_WARN_BOOL_CONVERSION = YES;
				CLANG_WARN_COMMA = YES;
				CLANG_WARN_CONSTANT_CONVERSION = YES;
				CLANG_WARN_DEPRECATED_OBJC_IMPLEMENTATIONS = YES;
				CLANG_WARN_DIRECT_OBJC_ISA_USAGE = YES_ERROR;
				CLANG_WARN_DOCUMENTATION_COMMENTS = YES;
				CLANG_WARN_EMPTY_BODY = YES;
				CLANG_WARN_ENUM_CONVERSION = YES;
				CLANG_WARN_INFINITE_RECURSION = YES;
				CLANG_WARN_INT_CONVERSION = YES;
				CLANG_WARN_NON_LITERAL_NULL_CONVERSION = YES;
				CLANG_WARN_OBJC_IMPLICIT_RETAIN_SELF = YES;
				CLANG_WARN_OBJC_LITERAL_CONVERSION = YES;
				CLANG_WARN_OBJC_ROOT_CLASS = YES_ERROR;
				CLANG_WARN_RANGE_LOOP_ANALYSIS = YES;
				CLANG_WARN_STRICT_PROTOTYPES = YES;
				CLANG_WARN_SUSPICIOUS_MOVE = YES;
				CLANG_WARN_UNGUARDED_AVAILABILITY = YES_AGGRESSIVE;
				CLANG_WARN_UNREACHABLE_CODE = YES;
				CLANG_WARN__DUPLICATE_METHOD_MATCH = YES;
				CODE_SIGN_IDENTITY = "Mac Developer";
				COPY_PHASE_STRIP = NO;
				DEBUG_INFORMATION_FORMAT = "dwarf-with-dsym";
				ENABLE_NS_ASSERTIONS = NO;
				ENABLE_STRICT_OBJC_MSGSEND = YES;
				GCC_C_LANGUAGE_STANDARD = gnu11;
				GCC_NO_COMMON_BLOCKS = YES;
				GCC_WARN_64_TO_32_BIT_CONVERSION = YES;
				GCC_WARN_ABOUT_RETURN_TYPE = YES_ERROR;
				GCC_WARN_UNDECLARED_SELECTOR = YES;
				GCC_WARN_UNINITIALIZED_AUTOS = YES_AGGRESSIVE;
				GCC_WARN_UNUSED_FUNCTION = YES;
				GCC_WARN_UNUSED_VARIABLE = YES;
				MACOSX_DEPLOYMENT_TARGET = 10.13;
				MTL_ENABLE_DEBUG_INFO = NO;
				SDKROOT = macosx;
			};
			name = Release;
		};
		B32CAA51215022D800803EA9 /* Debug */ = {
			isa = XCBuildConfiguration;
			buildSettings = {
				CODE_SIGN_STYLE = Automatic;
				DEVELOPMENT_TEAM = 94ZP37H472;
				PRODUCT_NAME = "$(TARGET_NAME)";
			};
			name = Debug;
		};
		B32CAA52215022D800803EA9 /* Release */ = {
			isa = XCBuildConfiguration;
			buildSettings = {
				CODE_SIGN_STYLE = Automatic;
				DEVELOPMENT_TEAM = 94ZP37H472;
				PRODUCT_NAME = "$(TARGET_NAME)";
			};
			name = Release;
		};
		B32CAA5C21502CCF00803EA9 /* Debug */ = {
			isa = XCBuildConfiguration;
			buildSettings = {
				CODE_SIGN_STYLE = Automatic;
				DEVELOPMENT_TEAM = 94ZP37H472;
				PRODUCT_NAME = "$(TARGET_NAME)";
			};
			name = Debug;
		};
		B32CAA5D21502CCF00803EA9 /* Release */ = {
			isa = XCBuildConfiguration;
			buildSettings = {
				CODE_SIGN_STYLE = Automatic;
				DEVELOPMENT_TEAM = 94ZP37H472;
				PRODUCT_NAME = "$(TARGET_NAME)";
			};
			name = Release;
		};
		B357D21A2153C37500DB2EBB /* Debug */ = {
			isa = XCBuildConfiguration;
			buildSettings = {
				CODE_SIGN_STYLE = Automatic;
				DEVELOPMENT_TEAM = 94ZP37H472;
				MTL_ENABLE_DEBUG_INFO = INCLUDE_SOURCE;
				MTL_FAST_MATH = YES;
				PRODUCT_NAME = "$(TARGET_NAME)";
			};
			name = Debug;
		};
		B357D21B2153C37500DB2EBB /* Release */ = {
			isa = XCBuildConfiguration;
			buildSettings = {
				CODE_SIGN_STYLE = Automatic;
				DEVELOPMENT_TEAM = 94ZP37H472;
				MTL_FAST_MATH = YES;
				PRODUCT_NAME = "$(TARGET_NAME)";
			};
			name = Release;
		};
		B357D22721548BE400DB2EBB /* Debug */ = {
			isa = XCBuildConfiguration;
			buildSettings = {
				CODE_SIGN_STYLE = Automatic;
				DEVELOPMENT_TEAM = 94ZP37H472;
				MTL_ENABLE_DEBUG_INFO = INCLUDE_SOURCE;
				MTL_FAST_MATH = YES;
				PRODUCT_NAME = "$(TARGET_NAME)";
			};
			name = Debug;
		};
		B357D22821548BE400DB2EBB /* Release */ = {
			isa = XCBuildConfiguration;
			buildSettings = {
				CODE_SIGN_STYLE = Automatic;
				DEVELOPMENT_TEAM = 94ZP37H472;
				MTL_FAST_MATH = YES;
				PRODUCT_NAME = "$(TARGET_NAME)";
			};
			name = Release;
		};
		B357D2312156AB4800DB2EBB /* Debug */ = {
			isa = XCBuildConfiguration;
			buildSettings = {
				CODE_SIGN_STYLE = Automatic;
				DEVELOPMENT_TEAM = 94ZP37H472;
				MTL_ENABLE_DEBUG_INFO = INCLUDE_SOURCE;
				MTL_FAST_MATH = YES;
				PRODUCT_NAME = "$(TARGET_NAME)";
			};
			name = Debug;
		};
		B357D2322156AB4800DB2EBB /* Release */ = {
			isa = XCBuildConfiguration;
			buildSettings = {
				CODE_SIGN_STYLE = Automatic;
				DEVELOPMENT_TEAM = 94ZP37H472;
				MTL_FAST_MATH = YES;
				PRODUCT_NAME = "$(TARGET_NAME)";
			};
			name = Release;
		};
		B357D23E21579A6900DB2EBB /* Debug */ = {
			isa = XCBuildConfiguration;
			buildSettings = {
				CODE_SIGN_STYLE = Automatic;
				DEVELOPMENT_TEAM = 94ZP37H472;
				MTL_ENABLE_DEBUG_INFO = INCLUDE_SOURCE;
				MTL_FAST_MATH = YES;
				PRODUCT_NAME = "$(TARGET_NAME)";
			};
			name = Debug;
		};
		B357D23F21579A6900DB2EBB /* Release */ = {
			isa = XCBuildConfiguration;
			buildSettings = {
				CODE_SIGN_STYLE = Automatic;
				DEVELOPMENT_TEAM = 94ZP37H472;
				MTL_FAST_MATH = YES;
				PRODUCT_NAME = "$(TARGET_NAME)";
			};
			name = Release;
		};
		B357D24B2157E34100DB2EBB /* Debug */ = {
			isa = XCBuildConfiguration;
			buildSettings = {
				CODE_SIGN_STYLE = Automatic;
				DEVELOPMENT_TEAM = 94ZP37H472;
				MTL_ENABLE_DEBUG_INFO = INCLUDE_SOURCE;
				MTL_FAST_MATH = YES;
				PRODUCT_NAME = "$(TARGET_NAME)";
			};
			name = Debug;
		};
		B357D24C2157E34100DB2EBB /* Release */ = {
			isa = XCBuildConfiguration;
			buildSettings = {
				CODE_SIGN_STYLE = Automatic;
				DEVELOPMENT_TEAM = 94ZP37H472;
				MTL_FAST_MATH = YES;
				PRODUCT_NAME = "$(TARGET_NAME)";
			};
			name = Release;
		};
		B3A20458216BB5AD00983064 /* Debug */ = {
			isa = XCBuildConfiguration;
			buildSettings = {
				CODE_SIGN_STYLE = Automatic;
				DEVELOPMENT_TEAM = 94ZP37H472;
				MACOSX_DEPLOYMENT_TARGET = 10.14;
				MTL_ENABLE_DEBUG_INFO = INCLUDE_SOURCE;
				MTL_FAST_MATH = YES;
				PRODUCT_NAME = "$(TARGET_NAME)";
			};
			name = Debug;
		};
		B3A20459216BB5AD00983064 /* Release */ = {
			isa = XCBuildConfiguration;
			buildSettings = {
				CODE_SIGN_STYLE = Automatic;
				DEVELOPMENT_TEAM = 94ZP37H472;
				MACOSX_DEPLOYMENT_TARGET = 10.14;
				MTL_FAST_MATH = YES;
				PRODUCT_NAME = "$(TARGET_NAME)";
			};
			name = Release;
		};
		B3A20464216BB5C400983064 /* Debug */ = {
			isa = XCBuildConfiguration;
			buildSettings = {
				CODE_SIGN_STYLE = Automatic;
				DEVELOPMENT_TEAM = 94ZP37H472;
				MACOSX_DEPLOYMENT_TARGET = 10.14;
				MTL_ENABLE_DEBUG_INFO = INCLUDE_SOURCE;
				MTL_FAST_MATH = YES;
				PRODUCT_NAME = "$(TARGET_NAME)";
			};
			name = Debug;
		};
		B3A20465216BB5C400983064 /* Release */ = {
			isa = XCBuildConfiguration;
			buildSettings = {
				CODE_SIGN_STYLE = Automatic;
				DEVELOPMENT_TEAM = 94ZP37H472;
				MACOSX_DEPLOYMENT_TARGET = 10.14;
				MTL_FAST_MATH = YES;
				PRODUCT_NAME = "$(TARGET_NAME)";
			};
			name = Release;
		};
		B3D2ADC2215AA175003898BE /* Debug */ = {
			isa = XCBuildConfiguration;
			buildSettings = {
				CODE_SIGN_STYLE = Automatic;
				DEVELOPMENT_TEAM = 94ZP37H472;
				MTL_ENABLE_DEBUG_INFO = INCLUDE_SOURCE;
				MTL_FAST_MATH = YES;
				PRODUCT_NAME = "$(TARGET_NAME)";
			};
			name = Debug;
		};
		B3D2ADC3215AA175003898BE /* Release */ = {
			isa = XCBuildConfiguration;
			buildSettings = {
				CODE_SIGN_STYLE = Automatic;
				DEVELOPMENT_TEAM = 94ZP37H472;
				MTL_FAST_MATH = YES;
				PRODUCT_NAME = "$(TARGET_NAME)";
			};
			name = Release;
		};
/* End XCBuildConfiguration section */

/* Begin XCConfigurationList section */
		B30057942152CA9900F49BA3 /* Build configuration list for PBXNativeTarget "Stack" */ = {
			isa = XCConfigurationList;
			buildConfigurations = (
				B30057922152CA9900F49BA3 /* Debug */,
				B30057932152CA9900F49BA3 /* Release */,
			);
			defaultConfigurationIsVisible = 0;
			defaultConfigurationName = Release;
		};
		B32CAA44215022D800803EA9 /* Build configuration list for PBXProject "C_Data_structure" */ = {
			isa = XCConfigurationList;
			buildConfigurations = (
				B32CAA4E215022D800803EA9 /* Debug */,
				B32CAA4F215022D800803EA9 /* Release */,
			);
			defaultConfigurationIsVisible = 0;
			defaultConfigurationName = Release;
		};
		B32CAA50215022D800803EA9 /* Build configuration list for PBXNativeTarget "C_Data_structure" */ = {
			isa = XCConfigurationList;
			buildConfigurations = (
				B32CAA51215022D800803EA9 /* Debug */,
				B32CAA52215022D800803EA9 /* Release */,
			);
			defaultConfigurationIsVisible = 0;
			defaultConfigurationName = Release;
		};
		B32CAA5B21502CCF00803EA9 /* Build configuration list for PBXNativeTarget "List" */ = {
			isa = XCConfigurationList;
			buildConfigurations = (
				B32CAA5C21502CCF00803EA9 /* Debug */,
				B32CAA5D21502CCF00803EA9 /* Release */,
			);
			defaultConfigurationIsVisible = 0;
			defaultConfigurationName = Release;
		};
		B357D21C2153C37500DB2EBB /* Build configuration list for PBXNativeTarget "RPNCalculator" */ = {
			isa = XCConfigurationList;
			buildConfigurations = (
				B357D21A2153C37500DB2EBB /* Debug */,
				B357D21B2153C37500DB2EBB /* Release */,
			);
			defaultConfigurationIsVisible = 0;
			defaultConfigurationName = Release;
		};
		B357D22621548BE400DB2EBB /* Build configuration list for PBXNativeTarget "KMP" */ = {
			isa = XCConfigurationList;
			buildConfigurations = (
				B357D22721548BE400DB2EBB /* Debug */,
				B357D22821548BE400DB2EBB /* Release */,
			);
			defaultConfigurationIsVisible = 0;
			defaultConfigurationName = Release;
		};
		B357D2332156AB4800DB2EBB /* Build configuration list for PBXNativeTarget "MyString" */ = {
			isa = XCConfigurationList;
			buildConfigurations = (
				B357D2312156AB4800DB2EBB /* Debug */,
				B357D2322156AB4800DB2EBB /* Release */,
			);
			defaultConfigurationIsVisible = 0;
			defaultConfigurationName = Release;
		};
		B357D23D21579A6900DB2EBB /* Build configuration list for PBXNativeTarget "BinaryTree" */ = {
			isa = XCConfigurationList;
			buildConfigurations = (
				B357D23E21579A6900DB2EBB /* Debug */,
				B357D23F21579A6900DB2EBB /* Release */,
			);
			defaultConfigurationIsVisible = 0;
			defaultConfigurationName = Release;
		};
		B357D24A2157E34100DB2EBB /* Build configuration list for PBXNativeTarget "BinaryTreePratice" */ = {
			isa = XCConfigurationList;
			buildConfigurations = (
				B357D24B2157E34100DB2EBB /* Debug */,
				B357D24C2157E34100DB2EBB /* Release */,
			);
			defaultConfigurationIsVisible = 0;
			defaultConfigurationName = Release;
		};
		B3A2045A216BB5AD00983064 /* Build configuration list for PBXNativeTarget "MinHeap" */ = {
			isa = XCConfigurationList;
			buildConfigurations = (
				B3A20458216BB5AD00983064 /* Debug */,
				B3A20459216BB5AD00983064 /* Release */,
			);
			defaultConfigurationIsVisible = 0;
			defaultConfigurationName = Release;
		};
		B3A20463216BB5C400983064 /* Build configuration list for PBXNativeTarget "MaxHeap" */ = {
			isa = XCConfigurationList;
			buildConfigurations = (
				B3A20464216BB5C400983064 /* Debug */,
				B3A20465216BB5C400983064 /* Release */,
			);
			defaultConfigurationIsVisible = 0;
			defaultConfigurationName = Release;
		};
		B3D2ADC4215AA175003898BE /* Build configuration list for PBXNativeTarget "BST" */ = {
			isa = XCConfigurationList;
			buildConfigurations = (
				B3D2ADC2215AA175003898BE /* Debug */,
				B3D2ADC3215AA175003898BE /* Release */,
			);
			defaultConfigurationIsVisible = 0;
			defaultConfigurationName = Release;
		};
/* End XCConfigurationList section */
	};
	rootObject = B32CAA41215022D800803EA9 /* Project object */;
}
